
Microsoft Visual Studio Solution File, Format Version 12.00
# Visual Studio 15
VisualStudioVersion = 15.0.27703.2026
MinimumVisualStudioVersion = 10.0.40219.1
Project("{FAE04EC0-301F-11D3-BF4B-00C04F79EFBC}") = "WinGItTest", "WinGItTest\WinGItTest.csproj", "{18D824C4-1E7F-464B-A060-6C353304660B}"
EndProject
Global
	GlobalSection(SolutionConfigurationPlatforms) = preSolution
		Debug|Any CPU = Debug|Any CPU
		Release|Any CPU = Release|Any CPU
	EndGlobalSection
	GlobalSection(ProjectConfigurationPlatforms) = postSolution
		{18D824C4-1E7F-464B-A060-6C353304660B}.Debug|Any CPU.ActiveCfg = Debug|Any CPU
		{18D824C4-1E7F-464B-A060-6C353304660B}.Debug|Any CPU.Build.0 = Debug|Any CPU
		{18D824C4-1E7F-464B-A060-6C353304660B}.Release|Any CPU.ActiveCfg = Release|Any CPU
		{18D824C4-1E7F-464B-A060-6C353304660B}.Release|Any CPU.Build.0 = Release|Any CPU
	EndGlobalSection
	GlobalSection(SolutionProperties) = preSolution
		HideSolutionNode = FALSE
	EndGlobalSection
	GlobalSection(ExtensibilityGlobals) = postSolution
		SolutionGuid = {BAC470CF-6F11-469A-A353-B4C169CC0071}
	EndGlobalSection
EndGlobal
